{
	"name": "@matise/ui-fields",
	"version": "4.0.3",
	"lockfileVersion": 1,
	"requires": true,
	"dependencies": {
		"crypto-js": {
			"version": "3.3.0",
			"resolved": "https://registry.npmjs.org/crypto-js/-/crypto-js-3.3.0.tgz",
			"integrity": "sha512-DIT51nX0dCfKltpRiXV+/TVZq+Qq2NgF4644+K7Ttnla7zEzqc+kjJyiB96BHNyUTBxyjzRcZYpUdZa+QAqi6Q=="
		},
		"simple-crypto-js": {
			"version": "2.2.0",
			"resolved": "https://registry.npmjs.org/simple-crypto-js/-/simple-crypto-js-2.2.0.tgz",
			"integrity": "sha512-noEQl72TKmQCc46mKO1dg5jB0/M5caFckDreku68Wv6MXb/aue0I/P7RfNLWYqN/aHQjTolZB1w5AM84dIlkMw==",
			"requires": {
				"crypto-js": "^3.1.9-1"
			}
		},
		"validator": {
			"version": "12.2.0",
			"resolved": "https://registry.npmjs.org/validator/-/validator-12.2.0.tgz",
			"integrity": "sha512-jJfE/DW6tIK1Ek8nCfNFqt8Wb3nzMoAbocBF6/Icgg1ZFSBpObdnwVY2jQj6qUqzhx5jc71fpvBWyLGO7Xl+nQ=="
		}
	}
}
